
Microsoft Visual Studio Solution File, Format Version 12.00
# Visual Studio Version 17
VisualStudioVersion = 17.8.34511.84
MinimumVisualStudioVersion = 10.0.40219.1
Project("{F184B08F-C81C-45F6-A57F-5ABD9991F28F}") = "Perpustakaan", "Perpustakaan\Perpustakaan.vbproj", "{3977C678-D919-44C4-A761-9C8BC56CCEE3}"
EndProject
Global
	GlobalSection(SolutionConfigurationPlatforms) = preSolution
		Debug|Any CPU = Debug|Any CPU
		Release|Any CPU = Release|Any CPU
	EndGlobalSection
	GlobalSection(ProjectConfigurationPlatforms) = postSolution
		{3977C678-D919-44C4-A761-9C8BC56CCEE3}.Debug|Any CPU.ActiveCfg = Debug|Any CPU
		{3977C678-D919-44C4-A761-9C8BC56CCEE3}.Debug|Any CPU.Build.0 = Debug|Any CPU
		{3977C678-D919-44C4-A761-9C8BC56CCEE3}.Release|Any CPU.ActiveCfg = Release|Any CPU
		{3977C678-D919-44C4-A761-9C8BC56CCEE3}.Release|Any CPU.Build.0 = Release|Any CPU
	EndGlobalSection
	GlobalSection(SolutionProperties) = preSolution
		HideSolutionNode = FALSE
	EndGlobalSection
	GlobalSection(ExtensibilityGlobals) = postSolution
		SolutionGuid = {4B3C1B29-1083-4B8E-8675-A3E42EE4C722}
	EndGlobalSection
EndGlobal
